Microsoft Visual Studio Solution File, Format Version 12.00
# Visual Studio Version 17
VisualStudioVersion = 17.5.2.0
MinimumVisualStudioVersion = 10.0.40219.1
Project("{FAE04EC0-301F-11D3-BF4B-00C04F79EFBC}") = "LabAssignments", "LabAssignments.csproj", "{3FAEC2A0-FE30-6C2C-516A-46156B6D999A}"
EndProject
Global
	GlobalSection(SolutionConfigurationPlatforms) = preSolution
		Debug|Any CPU = Debug|Any CPU
		Release|Any CPU = Release|Any CPU
	EndGlobalSection
	GlobalSection(ProjectConfigurationPlatforms) = postSolution
		{3FAEC2A0-FE30-6C2C-516A-46156B6D999A}.Debug|Any CPU.ActiveCfg = Debug|Any CPU
		{3FAEC2A0-FE30-6C2C-516A-46156B6D999A}.Debug|Any CPU.Build.0 = Debug|Any CPU
		{3FAEC2A0-FE30-6C2C-516A-46156B6D999A}.Release|Any CPU.ActiveCfg = Release|Any CPU
		{3FAEC2A0-FE30-6C2C-516A-46156B6D999A}.Release|Any CPU.Build.0 = Release|Any CPU
	EndGlobalSection
	GlobalSection(SolutionProperties) = preSolution
		HideSolutionNode = FALSE
	EndGlobalSection
	GlobalSection(ExtensibilityGlobals) = postSolution
		SolutionGuid = {5A0AC0EE-9421-40BB-817C-582FE8F8117C}
	EndGlobalSection
EndGlobal
